
Microsoft Visual Studio Solution File, Format Version 12.00
# Visual Studio Version 16
VisualStudioVersion = 16.0.32002.261
MinimumVisualStudioVersion = 10.0.40219.1
Project("{FAE04EC0-301F-11D3-BF4B-00C04F79EFBC}") = "Calculadora", "Calculadora\Calculadora.csproj", "{FC83B474-6F9A-49CF-99A8-3DB2E31CE2F4}"
EndProject
Global
	GlobalSection(SolutionConfigurationPlatforms) = preSolution
		Debug|Any CPU = Debug|Any CPU
		Release|Any CPU = Release|Any CPU
	EndGlobalSection
	GlobalSection(ProjectConfigurationPlatforms) = postSolution
		{FC83B474-6F9A-49CF-99A8-3DB2E31CE2F4}.Debug|Any CPU.ActiveCfg = Debug|Any CPU
		{FC83B474-6F9A-49CF-99A8-3DB2E31CE2F4}.Debug|Any CPU.Build.0 = Debug|Any CPU
		{FC83B474-6F9A-49CF-99A8-3DB2E31CE2F4}.Release|Any CPU.ActiveCfg = Release|Any CPU
		{FC83B474-6F9A-49CF-99A8-3DB2E31CE2F4}.Release|Any CPU.Build.0 = Release|Any CPU
	EndGlobalSection
	GlobalSection(SolutionProperties) = preSolution
		HideSolutionNode = FALSE
	EndGlobalSection
	GlobalSection(ExtensibilityGlobals) = postSolution
		SolutionGuid = {142F4781-B09A-4881-B683-D6E2C2051BE7}
	EndGlobalSection
EndGlobal
